
Microsoft Visual Studio Solution File, Format Version 12.00
# Visual Studio Version 17
VisualStudioVersion = 17.3.32901.215
MinimumVisualStudioVersion = 10.0.40219.1
Project("{FAE04EC0-301F-11D3-BF4B-00C04F79EFBC}") = "BankClient", "BankClient.csproj", "{35E92E41-C815-4635-AA96-76F921D41228}"
EndProject
Project("{9A19103F-16F7-4668-BE54-9A1E7A4F7556}") = "BankServer", "..\BankServer\BankServer.csproj", "{65FFB92B-34A6-4ADE-A03F-0FC28CE038DA}"
EndProject
Project("{9A19103F-16F7-4668-BE54-9A1E7A4F7556}") = "BoneyServer", "..\BoneyServer\BoneyServer.csproj", "{F87BFD4B-CD8C-4210-AE21-8954EB994E91}"
EndProject
Project("{FAE04EC0-301F-11D3-BF4B-00C04F79EFBC}") = "PuppetMaster", "..\PuppetMaster\PuppetMaster.csproj", "{D1749C97-F7AB-4CE4-85F9-16745F2501C6}"
EndProject
Global
	GlobalSection(SolutionConfigurationPlatforms) = preSolution
		Debug|Any CPU = Debug|Any CPU
		Release|Any CPU = Release|Any CPU
	EndGlobalSection
	GlobalSection(ProjectConfigurationPlatforms) = postSolution
		{35E92E41-C815-4635-AA96-76F921D41228}.Debug|Any CPU.ActiveCfg = Debug|Any CPU
		{35E92E41-C815-4635-AA96-76F921D41228}.Debug|Any CPU.Build.0 = Debug|Any CPU
		{35E92E41-C815-4635-AA96-76F921D41228}.Release|Any CPU.ActiveCfg = Release|Any CPU
		{35E92E41-C815-4635-AA96-76F921D41228}.Release|Any CPU.Build.0 = Release|Any CPU
		{65FFB92B-34A6-4ADE-A03F-0FC28CE038DA}.Debug|Any CPU.ActiveCfg = Debug|Any CPU
		{65FFB92B-34A6-4ADE-A03F-0FC28CE038DA}.Debug|Any CPU.Build.0 = Debug|Any CPU
		{65FFB92B-34A6-4ADE-A03F-0FC28CE038DA}.Release|Any CPU.ActiveCfg = Release|Any CPU
		{65FFB92B-34A6-4ADE-A03F-0FC28CE038DA}.Release|Any CPU.Build.0 = Release|Any CPU
		{F87BFD4B-CD8C-4210-AE21-8954EB994E91}.Debug|Any CPU.ActiveCfg = Debug|Any CPU
		{F87BFD4B-CD8C-4210-AE21-8954EB994E91}.Debug|Any CPU.Build.0 = Debug|Any CPU
		{F87BFD4B-CD8C-4210-AE21-8954EB994E91}.Release|Any CPU.ActiveCfg = Release|Any CPU
		{F87BFD4B-CD8C-4210-AE21-8954EB994E91}.Release|Any CPU.Build.0 = Release|Any CPU
		{D1749C97-F7AB-4CE4-85F9-16745F2501C6}.Debug|Any CPU.ActiveCfg = Debug|Any CPU
		{D1749C97-F7AB-4CE4-85F9-16745F2501C6}.Debug|Any CPU.Build.0 = Debug|Any CPU
		{D1749C97-F7AB-4CE4-85F9-16745F2501C6}.Release|Any CPU.ActiveCfg = Release|Any CPU
		{D1749C97-F7AB-4CE4-85F9-16745F2501C6}.Release|Any CPU.Build.0 = Release|Any CPU
	EndGlobalSection
	GlobalSection(SolutionProperties) = preSolution
		HideSolutionNode = FALSE
	EndGlobalSection
	GlobalSection(ExtensibilityGlobals) = postSolution
		SolutionGuid = {9C47D92D-8CC3-46ED-BBF0-2AB3770DEE3C}
	EndGlobalSection
EndGlobal
